#MicroXplorer Configuration settings - do not modify
ADC1.Channel-8\#ChannelRegularConversion=ADC_CHANNEL_9
ADC1.ClockPrescaler=ADC_CLOCK_ASYNC_DIV1
ADC1.ContinuousConvMode=DISABLE
ADC1.DMAContinuousRequests=DISABLE
ADC1.DataAlign=ADC_DATAALIGN_RIGHT
ADC1.DiscontinuousConvMode=DISABLE
ADC1.EOCSelection=ADC_EOC_SINGLE_CONV
ADC1.EnableAnalogWatchDog1=false
ADC1.EnableAnalogWatchDog2=false
ADC1.EnableAnalogWatchDog3=false
ADC1.EnableInjectedConversion=DISABLE
ADC1.EnableRegularConversion=ENABLE
ADC1.ExternalTrigConv=ADC_SOFTWARE_START
ADC1.ExternalTrigConvEdge=ADC_EXTERNALTRIGCONVEDGE_NONE
ADC1.IPParameters=Rank-8\#ChannelRegularConversion,Channel-8\#ChannelRegularConversion,SamplingTime-8\#ChannelRegularConversion,OffsetNumber-8\#ChannelRegularConversion,NbrOfConversionFlag,ClockPrescaler,Resolution,DataAlign,ScanConvMode,ContinuousConvMode,DiscontinuousConvMode,DMAContinuousRequests,EOCSelection,Overrun,LowPowerAutoWait,EnableRegularConversion,OversamplingMode,NbrOfConversion,ExternalTrigConvEdge,ExternalTrigConv,EnableInjectedConversion,EnableAnalogWatchDog1,EnableAnalogWatchDog2,EnableAnalogWatchDog3,master
ADC1.LowPowerAutoWait=DISABLE
ADC1.NbrOfConversion=1
ADC1.NbrOfConversionFlag=1
ADC1.OffsetNumber-8\#ChannelRegularConversion=ADC_OFFSET_NONE
ADC1.Overrun=ADC_OVR_DATA_PRESERVED
ADC1.OversamplingMode=DISABLE
ADC1.Rank-8\#ChannelRegularConversion=1
ADC1.Resolution=ADC_RESOLUTION_12B
ADC1.SamplingTime-8\#ChannelRegularConversion=ADC_SAMPLETIME_2CYCLES_5
ADC1.ScanConvMode=ADC_SCAN_DISABLE
ADC1.master=1
CRC.IPParameters=InputDataFormat
CRC.InputDataFormat=CRC_INPUTDATA_FORMAT_WORDS
Dma.QUADSPI.2.Direction=DMA_PERIPH_TO_MEMORY
Dma.QUADSPI.2.Instance=DMA1_Channel5
Dma.QUADSPI.2.MemDataAlignment=DMA_MDATAALIGN_BYTE
Dma.QUADSPI.2.MemInc=DMA_MINC_ENABLE
Dma.QUADSPI.2.Mode=DMA_NORMAL
Dma.QUADSPI.2.PeriphDataAlignment=DMA_PDATAALIGN_BYTE
Dma.QUADSPI.2.PeriphInc=DMA_PINC_DISABLE
Dma.QUADSPI.2.Priority=DMA_PRIORITY_LOW
Dma.QUADSPI.2.RequestParameters=Instance,Direction,PeriphInc,MemInc,PeriphDataAlignment,MemDataAlignment,Mode,Priority
Dma.Request0=SPI3_RX
Dma.Request1=SPI3_TX
Dma.Request2=QUADSPI
Dma.Request3=SPI1_RX
Dma.Request4=SPI1_TX
Dma.RequestsNb=5
Dma.SPI1_RX.3.Direction=DMA_PERIPH_TO_MEMORY
Dma.SPI1_RX.3.Instance=DMA1_Channel2
Dma.SPI1_RX.3.MemDataAlignment=DMA_MDATAALIGN_BYTE
Dma.SPI1_RX.3.MemInc=DMA_MINC_ENABLE
Dma.SPI1_RX.3.Mode=DMA_NORMAL
Dma.SPI1_RX.3.PeriphDataAlignment=DMA_PDATAALIGN_BYTE
Dma.SPI1_RX.3.PeriphInc=DMA_PINC_DISABLE
Dma.SPI1_RX.3.Priority=DMA_PRIORITY_LOW
Dma.SPI1_RX.3.RequestParameters=Instance,Direction,PeriphInc,MemInc,PeriphDataAlignment,MemDataAlignment,Mode,Priority
Dma.SPI1_TX.4.Direction=DMA_MEMORY_TO_PERIPH
Dma.SPI1_TX.4.Instance=DMA1_Channel3
Dma.SPI1_TX.4.MemDataAlignment=DMA_MDATAALIGN_BYTE
Dma.SPI1_TX.4.MemInc=DMA_MINC_ENABLE
Dma.SPI1_TX.4.Mode=DMA_NORMAL
Dma.SPI1_TX.4.PeriphDataAlignment=DMA_PDATAALIGN_BYTE
Dma.SPI1_TX.4.PeriphInc=DMA_PINC_DISABLE
Dma.SPI1_TX.4.Priority=DMA_PRIORITY_LOW
Dma.SPI1_TX.4.RequestParameters=Instance,Direction,PeriphInc,MemInc,PeriphDataAlignment,MemDataAlignment,Mode,Priority
Dma.SPI3_RX.0.Direction=DMA_PERIPH_TO_MEMORY
Dma.SPI3_RX.0.Instance=DMA2_Channel1
Dma.SPI3_RX.0.MemDataAlignment=DMA_MDATAALIGN_BYTE
Dma.SPI3_RX.0.MemInc=DMA_MINC_ENABLE
Dma.SPI3_RX.0.Mode=DMA_NORMAL
Dma.SPI3_RX.0.PeriphDataAlignment=DMA_PDATAALIGN_BYTE
Dma.SPI3_RX.0.PeriphInc=DMA_PINC_DISABLE
Dma.SPI3_RX.0.Priority=DMA_PRIORITY_LOW
Dma.SPI3_RX.0.RequestParameters=Instance,Direction,PeriphInc,MemInc,PeriphDataAlignment,MemDataAlignment,Mode,Priority
Dma.SPI3_TX.1.Direction=DMA_MEMORY_TO_PERIPH
Dma.SPI3_TX.1.Instance=DMA2_Channel2
Dma.SPI3_TX.1.MemDataAlignment=DMA_MDATAALIGN_BYTE
Dma.SPI3_TX.1.MemInc=DMA_MINC_ENABLE
Dma.SPI3_TX.1.Mode=DMA_NORMAL
Dma.SPI3_TX.1.PeriphDataAlignment=DMA_PDATAALIGN_BYTE
Dma.SPI3_TX.1.PeriphInc=DMA_PINC_DISABLE
Dma.SPI3_TX.1.Priority=DMA_PRIORITY_LOW
Dma.SPI3_TX.1.RequestParameters=Instance,Direction,PeriphInc,MemInc,PeriphDataAlignment,MemDataAlignment,Mode,Priority
FATFS.IPParameters=_MAX_SS,_MIN_SS,_MAX_LFN,_FS_TINY,_FS_LOCK
FATFS._FS_LOCK=8
FATFS._FS_TINY=1
FATFS._MAX_LFN=128
FATFS._MAX_SS=4096
FATFS._MIN_SS=4096
FREERTOS.FootprintOK=true
FREERTOS.IPParameters=Tasks01,configUSE_TICKLESS_IDLE,FootprintOK,configTOTAL_HEAP_SIZE,configUSE_TIMERS,configUSE_MALLOC_FAILED_HOOK,configCHECK_FOR_STACK_OVERFLOW
FREERTOS.Tasks01=TestApp,0,256,StartTestApp,As weak
FREERTOS.configCHECK_FOR_STACK_OVERFLOW=2
FREERTOS.configTOTAL_HEAP_SIZE=32768
FREERTOS.configUSE_MALLOC_FAILED_HOOK=1
FREERTOS.configUSE_TICKLESS_IDLE=1
FREERTOS.configUSE_TIMERS=1
File.Version=6
I2C1.I2C_Fall_Time=25
I2C1.I2C_Rise_Time=120
I2C1.I2C_Speed_Mode=I2C_Standard
I2C1.IPParameters=Timing,I2C_Speed_Mode,I2C_Rise_Time,I2C_Fall_Time
I2C1.Timing=0x10E0A1E1
KeepUserPlacement=false
LPTIM1.ClockPrescaler=LPTIM_PRESCALER_DIV32
LPTIM1.IPParameters=ClockPrescaler
LPUART1.BaudRate=115200
LPUART1.IPParameters=BaudRate,WordLength
LPUART1.WordLength=UART_WORDLENGTH_8B
Mcu.Family=STM32L4
Mcu.IP0=ADC1
Mcu.IP1=CRC
Mcu.IP10=RCC
Mcu.IP11=RTC
Mcu.IP12=SPI1
Mcu.IP13=SPI3
Mcu.IP14=SYS
Mcu.IP15=TIM1
Mcu.IP16=TIM3
Mcu.IP17=USART1
Mcu.IP18=USART2
Mcu.IP19=USART3
Mcu.IP2=DMA
Mcu.IP3=FATFS
Mcu.IP4=FREERTOS
Mcu.IP5=I2C1
Mcu.IP6=LPTIM1
Mcu.IP7=LPUART1
Mcu.IP8=NVIC
Mcu.IP9=QUADSPI
Mcu.IPNb=20
Mcu.Name=STM32L476J(E-G)Yx
Mcu.Package=WLCSP72
Mcu.Pin0=PA15
Mcu.Pin1=PD2
Mcu.Pin10=PB6
Mcu.Pin11=PC13
Mcu.Pin12=PA12
Mcu.Pin13=PA13
Mcu.Pin14=PC11
Mcu.Pin15=PG11
Mcu.Pin16=PG12
Mcu.Pin17=PB4
Mcu.Pin18=PB5
Mcu.Pin19=PC15/OSC32_OUT
Mcu.Pin2=PG9
Mcu.Pin20=PC14/OSC32_IN
Mcu.Pin21=PA11
Mcu.Pin22=PA10
Mcu.Pin23=PC10
Mcu.Pin24=PH1/OSC_OUT
Mcu.Pin25=PH0/OSC_IN
Mcu.Pin26=PC9
Mcu.Pin27=PA8
Mcu.Pin28=PA9
Mcu.Pin29=PB8
Mcu.Pin3=PG14
Mcu.Pin30=PB9
Mcu.Pin31=PC7
Mcu.Pin32=PC8
Mcu.Pin33=PC6
Mcu.Pin34=PC2
Mcu.Pin35=PC1
Mcu.Pin36=PC0
Mcu.Pin37=PB15
Mcu.Pin38=PB14
Mcu.Pin39=PB11
Mcu.Pin4=PB3
Mcu.Pin40=PA1
Mcu.Pin41=PA4
Mcu.Pin42=PA2
Mcu.Pin43=PC3
Mcu.Pin44=PB12
Mcu.Pin45=PB13
Mcu.Pin46=PB10
Mcu.Pin47=PA7
Mcu.Pin48=PA6
Mcu.Pin49=PA5
Mcu.Pin5=PB7
Mcu.Pin50=PA3
Mcu.Pin51=PA0
Mcu.Pin52=PB2
Mcu.Pin53=PB1
Mcu.Pin54=PB0
Mcu.Pin55=PC5
Mcu.Pin56=PC4
Mcu.Pin57=VP_CRC_VS_CRC
Mcu.Pin58=VP_FATFS_VS_Generic
Mcu.Pin59=VP_FREERTOS_VS_ENABLE
Mcu.Pin6=PA14
Mcu.Pin60=VP_LPTIM1_VS_LPTIM_counterModeInternalClock
Mcu.Pin61=VP_RTC_VS_RTC_WakeUp_intern
Mcu.Pin62=VP_RTC_VS_RTC_Alarm_B_Intern
Mcu.Pin63=VP_RTC_VS_RTC_Alarm_A_Intern
Mcu.Pin64=VP_SYS_VS_tim5
Mcu.Pin7=PC12
Mcu.Pin8=PG10
Mcu.Pin9=PG13
Mcu.PinsNb=65
Mcu.UserConstants=
Mcu.UserName=STM32L476JGYx
MxCube.Version=4.16.0
MxDb.Version=DB.4.0.160
NVIC.BusFault_IRQn=true\:0\:0\:false\:false\:true\:false
NVIC.DMA1_Channel2_IRQn=true\:5\:0\:false\:false\:true\:true
NVIC.DMA1_Channel3_IRQn=true\:5\:0\:false\:false\:true\:true
NVIC.DMA1_Channel5_IRQn=true\:5\:0\:false\:false\:true\:true
NVIC.DMA2_Channel1_IRQn=true\:5\:0\:false\:false\:true\:true
NVIC.DMA2_Channel2_IRQn=true\:5\:0\:false\:false\:true\:true
NVIC.DebugMonitor_IRQn=true\:0\:0\:false\:false\:true\:false
NVIC.EXTI15_10_IRQn=true\:5\:0\:false\:false\:true\:true
NVIC.EXTI2_IRQn=true\:5\:0\:false\:false\:true\:true
NVIC.EXTI9_5_IRQn=true\:5\:0\:false\:false\:true\:true
NVIC.HardFault_IRQn=true\:0\:0\:false\:false\:true\:false
NVIC.I2C1_ER_IRQn=true\:5\:0\:false\:false\:true\:true
NVIC.I2C1_EV_IRQn=true\:5\:0\:false\:false\:true\:true
NVIC.LPTIM1_IRQn=true\:5\:0\:false\:false\:true\:true
NVIC.LPUART1_IRQn=true\:5\:0\:false\:false\:true\:true
NVIC.MemoryManagement_IRQn=true\:0\:0\:false\:false\:true\:false
NVIC.NonMaskableInt_IRQn=true\:0\:0\:false\:false\:true\:false
NVIC.PendSV_IRQn=true\:15\:0\:false\:false\:false\:true
NVIC.PriorityGroup=NVIC_PRIORITYGROUP_4
NVIC.QUADSPI_IRQn=true\:5\:0\:false\:false\:true\:true
NVIC.SVCall_IRQn=true\:0\:0\:false\:false\:false\:false
NVIC.SysTick_IRQn=true\:15\:0\:false\:false\:true\:true
NVIC.TIM5_IRQn=true\:0\:0\:false\:false\:true\:false
NVIC.TimeBase=TIM5_IRQn
NVIC.TimeBaseIP=TIM5
NVIC.USART1_IRQn=true\:5\:0\:false\:false\:true\:true
NVIC.USART2_IRQn=true\:5\:0\:false\:false\:true\:true
NVIC.USART3_IRQn=true\:5\:0\:false\:false\:true\:true
NVIC.UsageFault_IRQn=true\:0\:0\:false\:false\:true\:false
PA0.Mode=CTS_RTS
PA0.Signal=USART2_CTS
PA1.Mode=CTS_RTS
PA1.Signal=USART2_RTS
PA10.GPIOParameters=GPIO_Label
PA10.GPIO_Label=AMB_LED_PWM
PA10.Signal=S_TIM1_CH3
PA11.GPIOParameters=GPIO_Label
PA11.GPIO_Label=CHARGE_CHG\#
PA11.Locked=true
PA11.Signal=GPIO_Input
PA12.GPIOParameters=GPIO_Label
PA12.GPIO_Label=WIFI_PWD_L
PA12.Locked=true
PA12.Signal=GPIO_Output
PA13.Mode=Serial_Wire
PA13.Signal=SYS_JTMS-SWDIO
PA14.Mode=Serial_Wire
PA14.Signal=SYS_JTCK-SWCLK
PA15.GPIOParameters=PinState
PA15.Locked=true
PA15.PinState=GPIO_PIN_SET
PA15.Signal=GPIO_Output
PA2.Mode=Asynchronous
PA2.Signal=USART2_TX
PA3.Mode=Asynchronous
PA3.Signal=USART2_RX
PA4.GPIOParameters=GPIO_Label
PA4.GPIO_Label=BAT_V_ADC
PA4.Signal=ADCx_IN9
PA5.GPIOParameters=GPIO_Label
PA5.GPIO_Label=BAT_TEMP_ADC
PA5.Signal=ADCx_IN10
PA6.Mode=Single Bank
PA6.Signal=QUADSPI_BK1_IO3
PA7.Mode=Single Bank
PA7.Signal=QUADSPI_BK1_IO2
PA8.GPIOParameters=GPIO_Label
PA8.GPIO_Label=BLE_INT
PA8.Locked=true
PA8.Signal=GPXTI8
PA9.GPIOParameters=GPIO_Label
PA9.GPIO_Label=BLUE_LED_PWM
PA9.Locked=true
PA9.Signal=S_TIM1_CH2
PB0.Mode=Single Bank
PB0.Signal=QUADSPI_BK1_IO1
PB1.Mode=Single Bank
PB1.Signal=QUADSPI_BK1_IO0
PB10.Mode=Single Bank
PB10.Signal=QUADSPI_CLK
PB11.Mode=Single Bank
PB11.Signal=QUADSPI_NCS
PB12.GPIOParameters=GPIO_Label
PB12.GPIO_Label=GYRO_G_INT2
PB12.Locked=true
PB12.Signal=GPXTI12
PB13.Mode=CTS_RTS
PB13.Signal=USART3_CTS
PB14.Mode=CTS_RTS
PB14.Signal=USART3_RTS
PB15.GPIOParameters=GPIO_Label
PB15.GPIO_Label=GPS_IRQ
PB15.Locked=true
PB15.Signal=GPXTI15
PB2.GPIOParameters=GPIO_Label
PB2.GPIO_Label=MCU_OFF
PB2.Locked=true
PB2.Signal=GPIO_Output
PB3.Mode=Full_Duplex_Master
PB3.Signal=SPI1_SCK
PB4.Mode=Full_Duplex_Master
PB4.Signal=SPI1_MISO
PB5.Mode=Full_Duplex_Master
PB5.Signal=SPI1_MOSI
PB6.Locked=true
PB6.Mode=Asynchronous
PB6.Signal=USART1_TX
PB7.Locked=true
PB7.Mode=Asynchronous
PB7.Signal=USART1_RX
PB8.Locked=true
PB8.Mode=I2C
PB8.Signal=I2C1_SCL
PB9.Locked=true
PB9.Mode=I2C
PB9.Signal=I2C1_SDA
PC0.Mode=Asynchronous
PC0.Signal=LPUART1_RX
PC1.Mode=Asynchronous
PC1.Signal=LPUART1_TX
PC10.Mode=Asynchronous
PC10.Signal=USART3_TX
PC11.Mode=Asynchronous
PC11.Signal=USART3_RX
PC12.GPIOParameters=GPIO_Label
PC12.GPIO_Label=BLE_WIFI_ANT_SW
PC12.Locked=true
PC12.Signal=GPIO_Output
PC13.GPIOParameters=GPIO_Label,GPIO_ModeDefaultEXTI
PC13.GPIO_Label=PWR_KEY
PC13.GPIO_ModeDefaultEXTI=GPIO_MODE_IT_RISING_FALLING
PC13.Locked=true
PC13.Signal=GPXTI13
PC14/OSC32_IN.Mode=LSE-External-Oscillator
PC14/OSC32_IN.Signal=RCC_OSC32_IN
PC15/OSC32_OUT.Mode=LSE-External-Oscillator
PC15/OSC32_OUT.Signal=RCC_OSC32_OUT
PC2.GPIOParameters=GPIO_Label
PC2.GPIO_Label=BAT_ADC_EN
PC2.Locked=true
PC2.Signal=GPIO_Output
PC3.GPIOParameters=GPIO_Label
PC3.GPIO_Label=MCU_AC_PLUGIN\#
PC3.Locked=true
PC3.Signal=GPIO_Input
PC4.GPIOParameters=GPIO_Label
PC4.GPIO_Label=GPS_PMIC_CE
PC4.Locked=true
PC4.Signal=GPIO_Output
PC5.GPIOParameters=GPIO_Label
PC5.GPIO_Label=WIFI_3V3_EN
PC5.Locked=true
PC5.Signal=GPIO_Output
PC6.GPIOParameters=GPIO_Label
PC6.GPIO_Label=PRESSURE_INT_DRDY
PC6.Locked=true
PC6.Signal=GPXTI6
PC7.GPIOParameters=GPIO_Label
PC7.GPIO_Label=BUZZER_PWM
PC7.Signal=S_TIM3_CH2
PC8.GPIOParameters=GPIO_Label
PC8.GPIO_Label=GPS_INT_WAKE
PC8.Locked=true
PC8.Signal=GPIO_Output
PC9.GPIOParameters=GPIO_Label
PC9.GPIO_Label=MODEM_PWR_SW_EN
PC9.Locked=true
PC9.Signal=GPIO_Output
PCC.Checker=true
PCC.Line=STM32L4x6
PCC.MCU=STM32L476J(E-G)Yx
PCC.MXVersion=4.16.0
PCC.PartNumber=STM32L476JGYx
PCC.Seq0=0
PCC.Series=STM32L4
PCC.Temperature=25
PCC.Vdd=1.8
PD2.GPIOParameters=GPIO_Label
PD2.GPIO_Label=GYRO_G_INT1
PD2.Locked=true
PD2.Signal=GPXTI2
PG10.Mode=Full_Duplex_Master
PG10.Signal=SPI3_MISO
PG11.Locked=true
PG11.Mode=Full_Duplex_Master
PG11.Signal=SPI3_MOSI
PG12.GPIOParameters=GPIO_Label
PG12.GPIO_Label=WIFI_SPI3_CS_3V3
PG12.Locked=true
PG12.Signal=GPIO_Output
PG13.GPIOParameters=GPIO_Label
PG13.GPIO_Label=BLE_WAKE
PG13.Locked=true
PG13.Signal=GPIO_Output
PG14.GPIOParameters=GPIO_Label
PG14.GPIO_Label=WIFI_INT
PG14.Locked=true
PG14.Signal=GPXTI14
PG9.Mode=Full_Duplex_Master
PG9.Signal=SPI3_SCK
PH0/OSC_IN.Mode=HSE-External-Oscillator
PH0/OSC_IN.Signal=RCC_OSC_IN
PH1/OSC_OUT.Mode=HSE-External-Oscillator
PH1/OSC_OUT.Signal=RCC_OSC_OUT
ProjectManager.AskForMigrate=true
ProjectManager.BackupPrevious=false
ProjectManager.CompilerOptimize=2
ProjectManager.ComputerToolchain=false
ProjectManager.CoupleFile=false
ProjectManager.DeletePrevious=true
ProjectManager.DeviceId=STM32L476JGYx
ProjectManager.FirmwarePackage=STM32Cube FW_L4 V1.5.1
ProjectManager.FreePins=false
ProjectManager.HalAssertFull=false
ProjectManager.HeapSize=0x200
ProjectManager.KeepUserCode=true
ProjectManager.LastFirmware=true
ProjectManager.LibraryCopy=1
ProjectManager.PreviousToolchain=
ProjectManager.ProjectBuild=false
ProjectManager.ProjectFileName=TRK_Src.ioc
ProjectManager.ProjectName=TRK_Src
ProjectManager.StackSize=0x800
ProjectManager.TargetToolchain=SW4STM32
ProjectManager.ToolChainLocation=D\:\\GPSTracker\\SourceCode\\TRK_Src
ProjectManager.UnderRoot=false
ProjectManager.functionlistsort=1-MX_GPIO_Init-GPIO-false,2-MX_DMA_Init-DMA-false,3-MX_ADC1_Init-ADC1-false,4-MX_I2C1_Init-I2C1-false,5-MX_LPTIM1_Init-LPTIM1-false,6-MX_LPUART1_UART_Init-LPUART1-false,7-MX_USART1_UART_Init-USART1-false,8-MX_USART2_UART_Init-USART2-false,9-MX_USART3_UART_Init-USART3-false,10-MX_QUADSPI_Init-QUADSPI-false,11-MX_TIM1_Init-TIM1-false,12-MX_FATFS_Init-FATFS-false,13-MX_CRC_Init-CRC-false,14-MX_SPI3_Init-SPI3-false,15-MX_TIM3_Init-TIM3-false,16-MX_RTC_Init-RTC-false,17-MX_SPI1_Init-SPI1-false
QUADSPI.ClockPrescaler-Single\ Bank=5
QUADSPI.FifoThreshold-Single\ Bank=4
QUADSPI.FlashSize-Single\ Bank=22
QUADSPI.IPParameters=ClockPrescaler-Single Bank,FlashSize-Single Bank,FifoThreshold-Single Bank
RCC.ADCFreq_Value=64000000
RCC.AHBFreq_Value=80000000
RCC.APB1Freq_Value=80000000
RCC.APB1TimFreq_Value=80000000
RCC.APB2Freq_Value=80000000
RCC.APB2TimFreq_Value=80000000
RCC.CortexFreq_Value=80000000
RCC.DFSDMFreq_Value=80000000
RCC.FCLKCortexFreq_Value=80000000
RCC.FamilyName=M
RCC.HCLKFreq_Value=80000000
RCC.HSE_VALUE=16000000
RCC.HSI_VALUE=16000000
RCC.I2C1Freq_Value=80000000
RCC.I2C2Freq_Value=80000000
RCC.I2C3Freq_Value=80000000
RCC.IPParameters=ADCFreq_Value,AHBFreq_Value,APB1Freq_Value,APB1TimFreq_Value,APB2Freq_Value,APB2TimFreq_Value,CortexFreq_Value,DFSDMFreq_Value,FCLKCortexFreq_Value,FamilyName,HCLKFreq_Value,HSE_VALUE,HSI_VALUE,I2C1Freq_Value,I2C2Freq_Value,I2C3Freq_Value,LCDFreq_Value,LPTIM1CLockSelection,LPTIM1Freq_Value,LPTIM2Freq_Value,LPUART1CLockSelection,LPUART1Freq_Value,LSCOPinFreq_Value,LSI_VALUE,MCO1PinFreq_Value,MSI_VALUE,PLLN,PLLPoutputFreq_Value,PLLQoutputFreq_Value,PLLRCLKFreq_Value,PLLSAI1PoutputFreq_Value,PLLSAI1QoutputFreq_Value,PLLSAI1RoutputFreq_Value,PLLSAI2PoutputFreq_Value,PLLSAI2RoutputFreq_Value,PLLSourceVirtual,PWRFreq_Value,RNGFreq_Value,RTCClockSelection,RTCFreq_Value,SAI1Freq_Value,SAI2Freq_Value,SDMMCFreq_Value,SWPMI1Freq_Value,SYSCLKFreq_VALUE,SYSCLKSource,UART4Freq_Value,UART5Freq_Value,USART1Freq_Value,USART2Freq_Value,USART3Freq_Value,USBFreq_Value,VCOInputFreq_Value,VCOOutputFreq_Value,VCOSAI1OutputFreq_Value,VCOSAI2OutputFreq_Value,VDD_VALUE
RCC.LCDFreq_Value=32768
RCC.LPTIM1CLockSelection=RCC_LPTIM1CLKSOURCE_LSI
RCC.LPTIM1Freq_Value=32000
RCC.LPTIM2Freq_Value=80000000
RCC.LPUART1CLockSelection=RCC_LPUART1CLKSOURCE_HSI
RCC.LPUART1Freq_Value=16000000
RCC.LSCOPinFreq_Value=32000
RCC.LSI_VALUE=32000
RCC.MCO1PinFreq_Value=80000000
RCC.MSI_VALUE=4000000
RCC.PLLN=10
RCC.PLLPoutputFreq_Value=22857142.85714286
RCC.PLLQoutputFreq_Value=80000000
RCC.PLLRCLKFreq_Value=80000000
RCC.PLLSAI1PoutputFreq_Value=18285714.285714287
RCC.PLLSAI1QoutputFreq_Value=64000000
RCC.PLLSAI1RoutputFreq_Value=64000000
RCC.PLLSAI2PoutputFreq_Value=18285714.285714287
RCC.PLLSAI2RoutputFreq_Value=64000000
RCC.PLLSourceVirtual=RCC_PLLSOURCE_HSE
RCC.PWRFreq_Value=80000000
RCC.RNGFreq_Value=64000000
RCC.RTCClockSelection=RCC_RTCCLKSOURCE_LSE
RCC.RTCFreq_Value=32768
RCC.SAI1Freq_Value=18285714.285714287
RCC.SAI2Freq_Value=18285714.285714287
RCC.SDMMCFreq_Value=64000000
RCC.SWPMI1Freq_Value=80000000
RCC.SYSCLKFreq_VALUE=80000000
RCC.SYSCLKSource=RCC_SYSCLKSOURCE_PLLCLK
RCC.UART4Freq_Value=80000000
RCC.UART5Freq_Value=80000000
RCC.USART1Freq_Value=80000000
RCC.USART2Freq_Value=80000000
RCC.USART3Freq_Value=80000000
RCC.USBFreq_Value=64000000
RCC.VCOInputFreq_Value=16000000
RCC.VCOOutputFreq_Value=160000000
RCC.VCOSAI1OutputFreq_Value=128000000
RCC.VCOSAI2OutputFreq_Value=128000000
RCC.VDD_VALUE=1.8
SH.ADCx_IN10.0=ADC1_IN10,IN10-Single-Ended
SH.ADCx_IN10.ConfNb=1
SH.ADCx_IN9.0=ADC1_IN9,IN9-Single-Ended
SH.ADCx_IN9.ConfNb=1
SH.GPXTI12.0=GPIO_EXTI12
SH.GPXTI12.ConfNb=1
SH.GPXTI13.0=GPIO_EXTI13
SH.GPXTI13.ConfNb=1
SH.GPXTI14.0=GPIO_EXTI14
SH.GPXTI14.ConfNb=1
SH.GPXTI15.0=GPIO_EXTI15
SH.GPXTI15.ConfNb=1
SH.GPXTI2.0=GPIO_EXTI2
SH.GPXTI2.ConfNb=1
SH.GPXTI6.0=GPIO_EXTI6
SH.GPXTI6.ConfNb=1
SH.GPXTI8.0=GPIO_EXTI8
SH.GPXTI8.ConfNb=1
SH.S_TIM1_CH2.0=TIM1_CH2,PWM Generation2 CH2
SH.S_TIM1_CH2.ConfNb=1
SH.S_TIM1_CH3.0=TIM1_CH3,PWM Generation3 CH3
SH.S_TIM1_CH3.ConfNb=1
SH.S_TIM3_CH2.0=TIM3_CH2,PWM Generation2 CH2
SH.S_TIM3_CH2.ConfNb=1
SPI1.BaudRatePrescaler=SPI_BAUDRATEPRESCALER_256
SPI1.CalculateBaudRate=312.5 KBits/s
SPI1.DataSize=SPI_DATASIZE_8BIT
SPI1.IPParameters=Mode,CalculateBaudRate,DataSize,BaudRatePrescaler
SPI1.Mode=SPI_MODE_MASTER
SPI3.BaudRatePrescaler=SPI_BAUDRATEPRESCALER_2
SPI3.CalculateBaudRate=40.0 MBits/s
SPI3.IPParameters=Mode,CalculateBaudRate,BaudRatePrescaler
SPI3.Mode=SPI_MODE_MASTER
TIM1.Channel-PWM\ Generation2\ CH2=TIM_CHANNEL_2
TIM1.Channel-PWM\ Generation3\ CH3=TIM_CHANNEL_3
TIM1.IPParameters=Channel-PWM Generation2 CH2,Channel-PWM Generation3 CH3,Prescaler,Period,Pulse-PWM Generation2 CH2,Pulse-PWM Generation3 CH3
TIM1.Period=999
TIM1.Prescaler=19
TIM1.Pulse-PWM\ Generation2\ CH2=500
TIM1.Pulse-PWM\ Generation3\ CH3=500
TIM3.Channel-PWM\ Generation2\ CH2=TIM_CHANNEL_2
TIM3.IPParameters=Channel-PWM Generation2 CH2,Prescaler,Period,Pulse-PWM Generation2 CH2
TIM3.Period=999
TIM3.Prescaler=19
TIM3.Pulse-PWM\ Generation2\ CH2=500
USART1.BaudRate=2400
USART1.IPParameters=BaudRate,WordLength
USART1.WordLength=UART_WORDLENGTH_8B
USART2.IPParameters=WordLength
USART2.WordLength=UART_WORDLENGTH_8B
USART3.IPParameters=WordLength
USART3.WordLength=UART_WORDLENGTH_8B
VP_CRC_VS_CRC.Mode=CRC_Activate
VP_CRC_VS_CRC.Signal=CRC_VS_CRC
VP_FATFS_VS_Generic.Mode=User_defined
VP_FATFS_VS_Generic.Signal=FATFS_VS_Generic
VP_FREERTOS_VS_ENABLE.Mode=Enabled
VP_FREERTOS_VS_ENABLE.Signal=FREERTOS_VS_ENABLE
VP_LPTIM1_VS_LPTIM_counterModeInternalClock.Mode=Counts__internal_clock_event_00
VP_LPTIM1_VS_LPTIM_counterModeInternalClock.Signal=LPTIM1_VS_LPTIM_counterModeInternalClock
VP_RTC_VS_RTC_Alarm_A_Intern.Mode=Alarm A
VP_RTC_VS_RTC_Alarm_A_Intern.Signal=RTC_VS_RTC_Alarm_A_Intern
VP_RTC_VS_RTC_Alarm_B_Intern.Mode=Alarm B
VP_RTC_VS_RTC_Alarm_B_Intern.Signal=RTC_VS_RTC_Alarm_B_Intern
VP_RTC_VS_RTC_WakeUp_intern.Mode=WakeUp
VP_RTC_VS_RTC_WakeUp_intern.Signal=RTC_VS_RTC_WakeUp_intern
VP_SYS_VS_tim5.Mode=TIM5
VP_SYS_VS_tim5.Signal=SYS_VS_tim5
board=TRK_Src
